
Microsoft Visual Studio Solution File, Format Version 12.00
# Visual Studio Version 17
VisualStudioVersion = 17.10.34916.146
MinimumVisualStudioVersion = 10.0.40219.1
Project("{FAE04EC0-301F-11D3-BF4B-00C04F79EFBC}") = "UchetGIC", "UchetGIC\UchetGIC.csproj", "{4124A704-9C7C-458A-B8CB-0A1C63A4CAFA}"
EndProject
Global
	GlobalSection(SolutionConfigurationPlatforms) = preSolution
		Debug|Any CPU = Debug|Any CPU
		Release|Any CPU = Release|Any CPU
	EndGlobalSection
	GlobalSection(ProjectConfigurationPlatforms) = postSolution
		{4124A704-9C7C-458A-B8CB-0A1C63A4CAFA}.Debug|Any CPU.ActiveCfg = Debug|Any CPU
		{4124A704-9C7C-458A-B8CB-0A1C63A4CAFA}.Debug|Any CPU.Build.0 = Debug|Any CPU
		{4124A704-9C7C-458A-B8CB-0A1C63A4CAFA}.Release|Any CPU.ActiveCfg = Release|Any CPU
		{4124A704-9C7C-458A-B8CB-0A1C63A4CAFA}.Release|Any CPU.Build.0 = Release|Any CPU
	EndGlobalSection
	GlobalSection(SolutionProperties) = preSolution
		HideSolutionNode = FALSE
	EndGlobalSection
	GlobalSection(ExtensibilityGlobals) = postSolution
		SolutionGuid = {53496B8E-1266-4B1E-B882-967586941D16}
	EndGlobalSection
EndGlobal
